
Microsoft Visual Studio Solution File, Format Version 12.00
# Visual Studio Version 16
VisualStudioVersion = 16.0.30114.105
MinimumVisualStudioVersion = 10.0.40219.1
Project("{2150E333-8FDC-42A3-9474-1A3956D46DE8}") = "LinkedList", "LinkedList", "{7148C119-A89B-439D-AD72-F3AFFC44DABE}"
EndProject
Project("{9A19103F-16F7-4668-BE54-9A1E7A4F7556}") = "DataStructures.LinkedList.SinglyLinkedList", "DataStructures.LinkedList.SinglyLinkedList\DataStructures.LinkedList.SinglyLinkedList.csproj", "{84CB0820-43C5-423A-A620-5F49A7E90D71}"
EndProject
Project("{9A19103F-16F7-4668-BE54-9A1E7A4F7556}") = "DataStructures.LinkedList.DoublyLinkedList", "DataStructures.LinkedList.DoublyLinkedList\DataStructures.LinkedList.DoublyLinkedList.csproj", "{4F992580-0717-41CD-A1F8-D5277A162296}"
EndProject
Project("{9A19103F-16F7-4668-BE54-9A1E7A4F7556}") = "DataStructures.LinkedList.CircularLinkedList", "DataStructures.LinkedList.CircularLinkedList\DataStructures.LinkedList.CircularLinkedList.csproj", "{92D23AD0-9744-453B-A297-4BE92B2C6D34}"
EndProject
Project("{9A19103F-16F7-4668-BE54-9A1E7A4F7556}") = "DataStructures.Stack", "DataStructures.Stack\DataStructures.Stack.csproj", "{C288D7C6-F5F6-4B30-8CD7-379370571D59}"
EndProject
Project("{FAE04EC0-301F-11D3-BF4B-00C04F79EFBC}") = "DataStructures.Queue", "DataStructures.Queue\DataStructures.Queue.csproj", "{AACE1692-A235-4F0F-942F-736DD4C30437}"
EndProject
Global
	GlobalSection(SolutionConfigurationPlatforms) = preSolution
		Debug|Any CPU = Debug|Any CPU
		Release|Any CPU = Release|Any CPU
	EndGlobalSection
	GlobalSection(ProjectConfigurationPlatforms) = postSolution
		{84CB0820-43C5-423A-A620-5F49A7E90D71}.Debug|Any CPU.ActiveCfg = Debug|Any CPU
		{84CB0820-43C5-423A-A620-5F49A7E90D71}.Debug|Any CPU.Build.0 = Debug|Any CPU
		{84CB0820-43C5-423A-A620-5F49A7E90D71}.Release|Any CPU.ActiveCfg = Release|Any CPU
		{84CB0820-43C5-423A-A620-5F49A7E90D71}.Release|Any CPU.Build.0 = Release|Any CPU
		{4F992580-0717-41CD-A1F8-D5277A162296}.Debug|Any CPU.ActiveCfg = Debug|Any CPU
		{4F992580-0717-41CD-A1F8-D5277A162296}.Debug|Any CPU.Build.0 = Debug|Any CPU
		{4F992580-0717-41CD-A1F8-D5277A162296}.Release|Any CPU.ActiveCfg = Release|Any CPU
		{4F992580-0717-41CD-A1F8-D5277A162296}.Release|Any CPU.Build.0 = Release|Any CPU
		{92D23AD0-9744-453B-A297-4BE92B2C6D34}.Debug|Any CPU.ActiveCfg = Debug|Any CPU
		{92D23AD0-9744-453B-A297-4BE92B2C6D34}.Debug|Any CPU.Build.0 = Debug|Any CPU
		{92D23AD0-9744-453B-A297-4BE92B2C6D34}.Release|Any CPU.ActiveCfg = Release|Any CPU
		{92D23AD0-9744-453B-A297-4BE92B2C6D34}.Release|Any CPU.Build.0 = Release|Any CPU
		{C288D7C6-F5F6-4B30-8CD7-379370571D59}.Debug|Any CPU.ActiveCfg = Debug|Any CPU
		{C288D7C6-F5F6-4B30-8CD7-379370571D59}.Debug|Any CPU.Build.0 = Debug|Any CPU
		{C288D7C6-F5F6-4B30-8CD7-379370571D59}.Release|Any CPU.ActiveCfg = Release|Any CPU
		{C288D7C6-F5F6-4B30-8CD7-379370571D59}.Release|Any CPU.Build.0 = Release|Any CPU
		{AACE1692-A235-4F0F-942F-736DD4C30437}.Debug|Any CPU.ActiveCfg = Debug|Any CPU
		{AACE1692-A235-4F0F-942F-736DD4C30437}.Debug|Any CPU.Build.0 = Debug|Any CPU
		{AACE1692-A235-4F0F-942F-736DD4C30437}.Release|Any CPU.ActiveCfg = Release|Any CPU
		{AACE1692-A235-4F0F-942F-736DD4C30437}.Release|Any CPU.Build.0 = Release|Any CPU
	EndGlobalSection
	GlobalSection(SolutionProperties) = preSolution
		HideSolutionNode = FALSE
	EndGlobalSection
	GlobalSection(NestedProjects) = preSolution
		{84CB0820-43C5-423A-A620-5F49A7E90D71} = {7148C119-A89B-439D-AD72-F3AFFC44DABE}
		{4F992580-0717-41CD-A1F8-D5277A162296} = {7148C119-A89B-439D-AD72-F3AFFC44DABE}
		{92D23AD0-9744-453B-A297-4BE92B2C6D34} = {7148C119-A89B-439D-AD72-F3AFFC44DABE}
	EndGlobalSection
	GlobalSection(ExtensibilityGlobals) = postSolution
		SolutionGuid = {1EF12415-C43F-4F1E-996D-B7AD19382CB1}
	EndGlobalSection
EndGlobal
